
Microsoft Visual Studio Solution File, Format Version 12.00
# Visual Studio 2012
Project("{8BC9CEB8-8B4A-11D0-8D11-00A0C91BC942}") = "FlacCLEncoder", "FlacCLEncoder\FlacCLEncoder.vcxproj", "{1C41AB0B-DC3E-44D0-AF41-0F4FD15FDDFC}"
EndProject
Project("{FAE04EC0-301F-11D3-BF4B-00C04F79EFBC}") = "NowPlaying", "NowPlaying\NowPlaying.csproj", "{C7F2F0CF-C87D-4946-9ADE-4271549D4FFF}"
EndProject
Project("{8BC9CEB8-8B4A-11D0-8D11-00A0C91BC942}") = "NeroAacEncoder", "NeroAacEncoder\NeroAacEncoder.vcxproj", "{D6E249FF-FA6E-4EB8-86B5-32ADF6342A2E}"
EndProject
Global
	GlobalSection(SolutionConfigurationPlatforms) = preSolution
		Debug|Any CPU = Debug|Any CPU
		Debug|Mixed Platforms = Debug|Mixed Platforms
		Debug|Win32 = Debug|Win32
		Release|Any CPU = Release|Any CPU
		Release|Mixed Platforms = Release|Mixed Platforms
		Release|Win32 = Release|Win32
	EndGlobalSection
	GlobalSection(ProjectConfigurationPlatforms) = postSolution
		{1C41AB0B-DC3E-44D0-AF41-0F4FD15FDDFC}.Debug|Any CPU.ActiveCfg = Debug|Win32
		{1C41AB0B-DC3E-44D0-AF41-0F4FD15FDDFC}.Debug|Mixed Platforms.ActiveCfg = Debug|Win32
		{1C41AB0B-DC3E-44D0-AF41-0F4FD15FDDFC}.Debug|Mixed Platforms.Build.0 = Debug|Win32
		{1C41AB0B-DC3E-44D0-AF41-0F4FD15FDDFC}.Debug|Win32.ActiveCfg = Debug|Win32
		{1C41AB0B-DC3E-44D0-AF41-0F4FD15FDDFC}.Debug|Win32.Build.0 = Debug|Win32
		{1C41AB0B-DC3E-44D0-AF41-0F4FD15FDDFC}.Release|Any CPU.ActiveCfg = Release|Win32
		{1C41AB0B-DC3E-44D0-AF41-0F4FD15FDDFC}.Release|Mixed Platforms.ActiveCfg = Release|Win32
		{1C41AB0B-DC3E-44D0-AF41-0F4FD15FDDFC}.Release|Mixed Platforms.Build.0 = Release|Win32
		{1C41AB0B-DC3E-44D0-AF41-0F4FD15FDDFC}.Release|Win32.ActiveCfg = Release|Win32
		{1C41AB0B-DC3E-44D0-AF41-0F4FD15FDDFC}.Release|Win32.Build.0 = Release|Win32
		{C7F2F0CF-C87D-4946-9ADE-4271549D4FFF}.Debug|Any CPU.ActiveCfg = Debug|Any CPU
		{C7F2F0CF-C87D-4946-9ADE-4271549D4FFF}.Debug|Any CPU.Build.0 = Debug|Any CPU
		{C7F2F0CF-C87D-4946-9ADE-4271549D4FFF}.Debug|Mixed Platforms.ActiveCfg = Debug|Any CPU
		{C7F2F0CF-C87D-4946-9ADE-4271549D4FFF}.Debug|Mixed Platforms.Build.0 = Debug|Any CPU
		{C7F2F0CF-C87D-4946-9ADE-4271549D4FFF}.Debug|Win32.ActiveCfg = Debug|Any CPU
		{C7F2F0CF-C87D-4946-9ADE-4271549D4FFF}.Release|Any CPU.ActiveCfg = Release|Any CPU
		{C7F2F0CF-C87D-4946-9ADE-4271549D4FFF}.Release|Any CPU.Build.0 = Release|Any CPU
		{C7F2F0CF-C87D-4946-9ADE-4271549D4FFF}.Release|Mixed Platforms.ActiveCfg = Release|Any CPU
		{C7F2F0CF-C87D-4946-9ADE-4271549D4FFF}.Release|Mixed Platforms.Build.0 = Release|Any CPU
		{C7F2F0CF-C87D-4946-9ADE-4271549D4FFF}.Release|Win32.ActiveCfg = Release|Any CPU
		{D6E249FF-FA6E-4EB8-86B5-32ADF6342A2E}.Debug|Any CPU.ActiveCfg = Debug|Win32
		{D6E249FF-FA6E-4EB8-86B5-32ADF6342A2E}.Debug|Mixed Platforms.ActiveCfg = Debug|Win32
		{D6E249FF-FA6E-4EB8-86B5-32ADF6342A2E}.Debug|Mixed Platforms.Build.0 = Debug|Win32
		{D6E249FF-FA6E-4EB8-86B5-32ADF6342A2E}.Debug|Win32.ActiveCfg = Debug|Win32
		{D6E249FF-FA6E-4EB8-86B5-32ADF6342A2E}.Debug|Win32.Build.0 = Debug|Win32
		{D6E249FF-FA6E-4EB8-86B5-32ADF6342A2E}.Release|Any CPU.ActiveCfg = Release|Win32
		{D6E249FF-FA6E-4EB8-86B5-32ADF6342A2E}.Release|Mixed Platforms.ActiveCfg = Release|Win32
		{D6E249FF-FA6E-4EB8-86B5-32ADF6342A2E}.Release|Mixed Platforms.Build.0 = Release|Win32
		{D6E249FF-FA6E-4EB8-86B5-32ADF6342A2E}.Release|Win32.ActiveCfg = Release|Win32
		{D6E249FF-FA6E-4EB8-86B5-32ADF6342A2E}.Release|Win32.Build.0 = Release|Win32
	EndGlobalSection
	GlobalSection(SolutionProperties) = preSolution
		HideSolutionNode = FALSE
	EndGlobalSection
EndGlobal
